
Microsoft Visual Studio Solution File, Format Version 12.00
# Visual Studio Version 17
VisualStudioVersion = 17.8.34330.188
MinimumVisualStudioVersion = 10.0.40219.1
Project("{9A19103F-16F7-4668-BE54-9A1E7A4F7556}") = "LicenseService", "LicenseService\LicenseService.csproj", "{1C15BF32-BB42-4FD5-8915-D9BCE141A834}"
EndProject
Project("{FAE04EC0-301F-11D3-BF4B-00C04F79EFBC}") = "KeyServiceAPI", "KeyServiceAPI\KeyServiceAPI.csproj", "{09E02E0F-2209-4A01-98EE-4F9B6B86FB2F}"
EndProject
Global
	GlobalSection(SolutionConfigurationPlatforms) = preSolution
		Debug|Any CPU = Debug|Any CPU
		Release|Any CPU = Release|Any CPU
	EndGlobalSection
	GlobalSection(ProjectConfigurationPlatforms) = postSolution
		{1C15BF32-BB42-4FD5-8915-D9BCE141A834}.Debug|Any CPU.ActiveCfg = Debug|Any CPU
		{1C15BF32-BB42-4FD5-8915-D9BCE141A834}.Debug|Any CPU.Build.0 = Debug|Any CPU
		{1C15BF32-BB42-4FD5-8915-D9BCE141A834}.Release|Any CPU.ActiveCfg = Release|Any CPU
		{1C15BF32-BB42-4FD5-8915-D9BCE141A834}.Release|Any CPU.Build.0 = Release|Any CPU
		{09E02E0F-2209-4A01-98EE-4F9B6B86FB2F}.Debug|Any CPU.ActiveCfg = Debug|Any CPU
		{09E02E0F-2209-4A01-98EE-4F9B6B86FB2F}.Debug|Any CPU.Build.0 = Debug|Any CPU
		{09E02E0F-2209-4A01-98EE-4F9B6B86FB2F}.Release|Any CPU.ActiveCfg = Release|Any CPU
		{09E02E0F-2209-4A01-98EE-4F9B6B86FB2F}.Release|Any CPU.Build.0 = Release|Any CPU
	EndGlobalSection
	GlobalSection(SolutionProperties) = preSolution
		HideSolutionNode = FALSE
	EndGlobalSection
	GlobalSection(ExtensibilityGlobals) = postSolution
		SolutionGuid = {3CC76A0F-F093-4D98-B731-6CFC408A8BA8}
	EndGlobalSection
EndGlobal
